
Microsoft Visual Studio Solution File, Format Version 12.00
# Visual Studio 15
VisualStudioVersion = 15.0.27428.2015
MinimumVisualStudioVersion = 10.0.40219.1
Project("{FAE04EC0-301F-11D3-BF4B-00C04F79EFBC}") = "XamarinMVVM.Android", "XamarinMVVM\XamarinMVVM.Android\XamarinMVVM.Android.csproj", "{0C48A001-3C6E-4266-819F-E4FC84300D15}"
EndProject
Project("{FAE04EC0-301F-11D3-BF4B-00C04F79EFBC}") = "XamarinMVVM.iOS", "XamarinMVVM\XamarinMVVM.iOS\XamarinMVVM.iOS.csproj", "{0DB1B451-BE29-4B8E-A478-534C1BBAB04C}"
EndProject
Project("{FAE04EC0-301F-11D3-BF4B-00C04F79EFBC}") = "XamarinMVVM.UWP", "XamarinMVVM\XamarinMVVM.UWP\XamarinMVVM.UWP.csproj", "{13A713BF-9713-4D06-A9E4-EB9B6011A2B1}"
EndProject
Project("{D954291E-2A0B-460D-934E-DC6B0785DB48}") = "XamarinMVVM", "XamarinMVVM\XamarinMVVM\XamarinMVVM.shproj", "{E7D74F5E-C963-41E3-8C7D-B4184DB3CC05}"
EndProject
Global
	GlobalSection(SharedMSBuildProjectFiles) = preSolution
		XamarinMVVM\XamarinMVVM\XamarinMVVM.projitems*{0c48a001-3c6e-4266-819f-e4fc84300d15}*SharedItemsImports = 4
		XamarinMVVM\XamarinMVVM\XamarinMVVM.projitems*{0db1b451-be29-4b8e-a478-534c1bbab04c}*SharedItemsImports = 4
		XamarinMVVM\XamarinMVVM\XamarinMVVM.projitems*{13a713bf-9713-4d06-a9e4-eb9b6011a2b1}*SharedItemsImports = 4
		XamarinMVVM\XamarinMVVM\XamarinMVVM.projitems*{e7d74f5e-c963-41e3-8c7d-b4184db3cc05}*SharedItemsImports = 13
	EndGlobalSection
	GlobalSection(SolutionConfigurationPlatforms) = preSolution
		Ad-Hoc|Any CPU = Ad-Hoc|Any CPU
		Ad-Hoc|ARM = Ad-Hoc|ARM
		Ad-Hoc|iPhone = Ad-Hoc|iPhone
		Ad-Hoc|iPhoneSimulator = Ad-Hoc|iPhoneSimulator
		Ad-Hoc|x64 = Ad-Hoc|x64
		Ad-Hoc|x86 = Ad-Hoc|x86
		AppStore|Any CPU = AppStore|Any CPU
		AppStore|ARM = AppStore|ARM
		AppStore|iPhone = AppStore|iPhone
		AppStore|iPhoneSimulator = AppStore|iPhoneSimulator
		AppStore|x64 = AppStore|x64
		AppStore|x86 = AppStore|x86
		Debug|Any CPU = Debug|Any CPU
		Debug|ARM = Debug|ARM
		Debug|iPhone = Debug|iPhone
		Debug|iPhoneSimulator = Debug|iPhoneSimulator
		Debug|x64 = Debug|x64
		Debug|x86 = Debug|x86
		Release|Any CPU = Release|Any CPU
		Release|ARM = Release|ARM
		Release|iPhone = Release|iPhone
		Release|iPhoneSimulator = Release|iPhoneSimulator
		Release|x64 = Release|x64
		Release|x86 = Release|x86
	EndGlobalSection
	GlobalSection(ProjectConfigurationPlatforms) = postSolution
		{0C48A001-3C6E-4266-819F-E4FC84300D15}.Ad-Hoc|Any CPU.ActiveCfg = Release|Any CPU
		{0C48A001-3C6E-4266-819F-E4FC84300D15}.Ad-Hoc|Any CPU.Build.0 = Release|Any CPU
		{0C48A001-3C6E-4266-819F-E4FC84300D15}.Ad-Hoc|Any CPU.Deploy.0 = Release|Any CPU
		{0C48A001-3C6E-4266-819F-E4FC84300D15}.Ad-Hoc|ARM.ActiveCfg = Release|Any CPU
		{0C48A001-3C6E-4266-819F-E4FC84300D15}.Ad-Hoc|ARM.Build.0 = Release|Any CPU
		{0C48A001-3C6E-4266-819F-E4FC84300D15}.Ad-Hoc|ARM.Deploy.0 = Release|Any CPU
		{0C48A001-3C6E-4266-819F-E4FC84300D15}.Ad-Hoc|iPhone.ActiveCfg = Release|Any CPU
		{0C48A001-3C6E-4266-819F-E4FC84300D15}.Ad-Hoc|iPhone.Build.0 = Release|Any CPU
		{0C48A001-3C6E-4266-819F-E4FC84300D15}.Ad-Hoc|iPhone.Deploy.0 = Release|Any CPU
		{0C48A001-3C6E-4266-819F-E4FC84300D15}.Ad-Hoc|iPhoneSimulator.ActiveCfg = Release|Any CPU
		{0C48A001-3C6E-4266-819F-E4FC84300D15}.Ad-Hoc|iPhoneSimulator.Build.0 = Release|Any CPU
		{0C48A001-3C6E-4266-819F-E4FC84300D15}.Ad-Hoc|iPhoneSimulator.Deploy.0 = Release|Any CPU
		{0C48A001-3C6E-4266-819F-E4FC84300D15}.Ad-Hoc|x64.ActiveCfg = Release|Any CPU
		{0C48A001-3C6E-4266-819F-E4FC84300D15}.Ad-Hoc|x64.Build.0 = Release|Any CPU
		{0C48A001-3C6E-4266-819F-E4FC84300D15}.Ad-Hoc|x64.Deploy.0 = Release|Any CPU
		{0C48A001-3C6E-4266-819F-E4FC84300D15}.Ad-Hoc|x86.ActiveCfg = Release|Any CPU
		{0C48A001-3C6E-4266-819F-E4FC84300D15}.Ad-Hoc|x86.Build.0 = Release|Any CPU
		{0C48A001-3C6E-4266-819F-E4FC84300D15}.Ad-Hoc|x86.Deploy.0 = Release|Any CPU
		{0C48A001-3C6E-4266-819F-E4FC84300D15}.AppStore|Any CPU.ActiveCfg = Release|Any CPU
		{0C48A001-3C6E-4266-819F-E4FC84300D15}.AppStore|Any CPU.Build.0 = Release|Any CPU
		{0C48A001-3C6E-4266-819F-E4FC84300D15}.AppStore|Any CPU.Deploy.0 = Release|Any CPU
		{0C48A001-3C6E-4266-819F-E4FC84300D15}.AppStore|ARM.ActiveCfg = Release|Any CPU
		{0C48A001-3C6E-4266-819F-E4FC84300D15}.AppStore|ARM.Build.0 = Release|Any CPU
		{0C48A001-3C6E-4266-819F-E4FC84300D15}.AppStore|ARM.Deploy.0 = Release|Any CPU
		{0C48A001-3C6E-4266-819F-E4FC84300D15}.AppStore|iPhone.ActiveCfg = Release|Any CPU
		{0C48A001-3C6E-4266-819F-E4FC84300D15}.AppStore|iPhone.Build.0 = Release|Any CPU
		{0C48A001-3C6E-4266-819F-E4FC84300D15}.AppStore|iPhone.Deploy.0 = Release|Any CPU
		{0C48A001-3C6E-4266-819F-E4FC84300D15}.AppStore|iPhoneSimulator.ActiveCfg = Release|Any CPU
		{0C48A001-3C6E-4266-819F-E4FC84300D15}.AppStore|iPhoneSimulator.Build.0 = Release|Any CPU
		{0C48A001-3C6E-4266-819F-E4FC84300D15}.AppStore|iPhoneSimulator.Deploy.0 = Release|Any CPU
		{0C48A001-3C6E-4266-819F-E4FC84300D15}.AppStore|x64.ActiveCfg = Release|Any CPU
		{0C48A001-3C6E-4266-819F-E4FC84300D15}.AppStore|x64.Build.0 = Release|Any CPU
		{0C48A001-3C6E-4266-819F-E4FC84300D15}.AppStore|x64.Deploy.0 = Release|Any CPU
		{0C48A001-3C6E-4266-819F-E4FC84300D15}.AppStore|x86.ActiveCfg = Release|Any CPU
		{0C48A001-3C6E-4266-819F-E4FC84300D15}.AppStore|x86.Build.0 = Release|Any CPU
		{0C48A001-3C6E-4266-819F-E4FC84300D15}.AppStore|x86.Deploy.0 = Release|Any CPU
		{0C48A001-3C6E-4266-819F-E4FC84300D15}.Debug|Any CPU.ActiveCfg = Debug|Any CPU
		{0C48A001-3C6E-4266-819F-E4FC84300D15}.Debug|Any CPU.Build.0 = Debug|Any CPU
		{0C48A001-3C6E-4266-819F-E4FC84300D15}.Debug|Any CPU.Deploy.0 = Debug|Any CPU
		{0C48A001-3C6E-4266-819F-E4FC84300D15}.Debug|ARM.ActiveCfg = Debug|Any CPU
		{0C48A001-3C6E-4266-819F-E4FC84300D15}.Debug|ARM.Build.0 = Debug|Any CPU
		{0C48A001-3C6E-4266-819F-E4FC84300D15}.Debug|ARM.Deploy.0 = Debug|Any CPU
		{0C48A001-3C6E-4266-819F-E4FC84300D15}.Debug|iPhone.ActiveCfg = Debug|Any CPU
		{0C48A001-3C6E-4266-819F-E4FC84300D15}.Debug|iPhone.Build.0 = Debug|Any CPU
		{0C48A001-3C6E-4266-819F-E4FC84300D15}.Debug|iPhone.Deploy.0 = Debug|Any CPU
		{0C48A001-3C6E-4266-819F-E4FC84300D15}.Debug|iPhoneSimulator.ActiveCfg = Debug|Any CPU
		{0C48A001-3C6E-4266-819F-E4FC84300D15}.Debug|iPhoneSimulator.Build.0 = Debug|Any CPU
		{0C48A001-3C6E-4266-819F-E4FC84300D15}.Debug|iPhoneSimulator.Deploy.0 = Debug|Any CPU
		{0C48A001-3C6E-4266-819F-E4FC84300D15}.Debug|x64.ActiveCfg = Debug|Any CPU
		{0C48A001-3C6E-4266-819F-E4FC84300D15}.Debug|x64.Build.0 = Debug|Any CPU
		{0C48A001-3C6E-4266-819F-E4FC84300D15}.Debug|x64.Deploy.0 = Debug|Any CPU
		{0C48A001-3C6E-4266-819F-E4FC84300D15}.Debug|x86.ActiveCfg = Debug|Any CPU
		{0C48A001-3C6E-4266-819F-E4FC84300D15}.Debug|x86.Build.0 = Debug|Any CPU
		{0C48A001-3C6E-4266-819F-E4FC84300D15}.Debug|x86.Deploy.0 = Debug|Any CPU
		{0C48A001-3C6E-4266-819F-E4FC84300D15}.Release|Any CPU.ActiveCfg = Release|Any CPU
		{0C48A001-3C6E-4266-819F-E4FC84300D15}.Release|Any CPU.Build.0 = Release|Any CPU
		{0C48A001-3C6E-4266-819F-E4FC84300D15}.Release|Any CPU.Deploy.0 = Release|Any CPU
		{0C48A001-3C6E-4266-819F-E4FC84300D15}.Release|ARM.ActiveCfg = Release|Any CPU
		{0C48A001-3C6E-4266-819F-E4FC84300D15}.Release|ARM.Build.0 = Release|Any CPU
		{0C48A001-3C6E-4266-819F-E4FC84300D15}.Release|ARM.Deploy.0 = Release|Any CPU
		{0C48A001-3C6E-4266-819F-E4FC84300D15}.Release|iPhone.ActiveCfg = Release|Any CPU
		{0C48A001-3C6E-4266-819F-E4FC84300D15}.Release|iPhone.Build.0 = Release|Any CPU
		{0C48A001-3C6E-4266-819F-E4FC84300D15}.Release|iPhone.Deploy.0 = Release|Any CPU
		{0C48A001-3C6E-4266-819F-E4FC84300D15}.Release|iPhoneSimulator.ActiveCfg = Release|Any CPU
		{0C48A001-3C6E-4266-819F-E4FC84300D15}.Release|iPhoneSimulator.Build.0 = Release|Any CPU
		{0C48A001-3C6E-4266-819F-E4FC84300D15}.Release|iPhoneSimulator.Deploy.0 = Release|Any CPU
		{0C48A001-3C6E-4266-819F-E4FC84300D15}.Release|x64.ActiveCfg = Release|Any CPU
		{0C48A001-3C6E-4266-819F-E4FC84300D15}.Release|x64.Build.0 = Release|Any CPU
		{0C48A001-3C6E-4266-819F-E4FC84300D15}.Release|x64.Deploy.0 = Release|Any CPU
		{0C48A001-3C6E-4266-819F-E4FC84300D15}.Release|x86.ActiveCfg = Release|Any CPU
		{0C48A001-3C6E-4266-819F-E4FC84300D15}.Release|x86.Build.0 = Release|Any CPU
		{0C48A001-3C6E-4266-819F-E4FC84300D15}.Release|x86.Deploy.0 = Release|Any CPU
		{0DB1B451-BE29-4B8E-A478-534C1BBAB04C}.Ad-Hoc|Any CPU.ActiveCfg = Ad-Hoc|iPhone
		{0DB1B451-BE29-4B8E-A478-534C1BBAB04C}.Ad-Hoc|ARM.ActiveCfg = Ad-Hoc|iPhone
		{0DB1B451-BE29-4B8E-A478-534C1BBAB04C}.Ad-Hoc|iPhone.ActiveCfg = Ad-Hoc|iPhone
		{0DB1B451-BE29-4B8E-A478-534C1BBAB04C}.Ad-Hoc|iPhone.Build.0 = Ad-Hoc|iPhone
		{0DB1B451-BE29-4B8E-A478-534C1BBAB04C}.Ad-Hoc|iPhoneSimulator.ActiveCfg = Ad-Hoc|iPhoneSimulator
		{0DB1B451-BE29-4B8E-A478-534C1BBAB04C}.Ad-Hoc|iPhoneSimulator.Build.0 = Ad-Hoc|iPhoneSimulator
		{0DB1B451-BE29-4B8E-A478-534C1BBAB04C}.Ad-Hoc|x64.ActiveCfg = Ad-Hoc|iPhone
		{0DB1B451-BE29-4B8E-A478-534C1BBAB04C}.Ad-Hoc|x86.ActiveCfg = Ad-Hoc|iPhone
		{0DB1B451-BE29-4B8E-A478-534C1BBAB04C}.AppStore|Any CPU.ActiveCfg = AppStore|iPhone
		{0DB1B451-BE29-4B8E-A478-534C1BBAB04C}.AppStore|ARM.ActiveCfg = AppStore|iPhone
		{0DB1B451-BE29-4B8E-A478-534C1BBAB04C}.AppStore|iPhone.ActiveCfg = AppStore|iPhone
		{0DB1B451-BE29-4B8E-A478-534C1BBAB04C}.AppStore|iPhone.Build.0 = AppStore|iPhone
		{0DB1B451-BE29-4B8E-A478-534C1BBAB04C}.AppStore|iPhoneSimulator.ActiveCfg = AppStore|iPhoneSimulator
		{0DB1B451-BE29-4B8E-A478-534C1BBAB04C}.AppStore|iPhoneSimulator.Build.0 = AppStore|iPhoneSimulator
		{0DB1B451-BE29-4B8E-A478-534C1BBAB04C}.AppStore|x64.ActiveCfg = AppStore|iPhone
		{0DB1B451-BE29-4B8E-A478-534C1BBAB04C}.AppStore|x86.ActiveCfg = AppStore|iPhone
		{0DB1B451-BE29-4B8E-A478-534C1BBAB04C}.Debug|Any CPU.ActiveCfg = Debug|iPhone
		{0DB1B451-BE29-4B8E-A478-534C1BBAB04C}.Debug|ARM.ActiveCfg = Debug|iPhone
		{0DB1B451-BE29-4B8E-A478-534C1BBAB04C}.Debug|iPhone.ActiveCfg = Debug|iPhone
		{0DB1B451-BE29-4B8E-A478-534C1BBAB04C}.Debug|iPhone.Build.0 = Debug|iPhone
		{0DB1B451-BE29-4B8E-A478-534C1BBAB04C}.Debug|iPhoneSimulator.ActiveCfg = Debug|iPhoneSimulator
		{0DB1B451-BE29-4B8E-A478-534C1BBAB04C}.Debug|iPhoneSimulator.Build.0 = Debug|iPhoneSimulator
		{0DB1B451-BE29-4B8E-A478-534C1BBAB04C}.Debug|x64.ActiveCfg = Debug|iPhone
		{0DB1B451-BE29-4B8E-A478-534C1BBAB04C}.Debug|x86.ActiveCfg = Debug|iPhone
		{0DB1B451-BE29-4B8E-A478-534C1BBAB04C}.Release|Any CPU.ActiveCfg = Release|iPhone
		{0DB1B451-BE29-4B8E-A478-534C1BBAB04C}.Release|ARM.ActiveCfg = Release|iPhone
		{0DB1B451-BE29-4B8E-A478-534C1BBAB04C}.Release|iPhone.ActiveCfg = Release|iPhone
		{0DB1B451-BE29-4B8E-A478-534C1BBAB04C}.Release|iPhone.Build.0 = Release|iPhone
		{0DB1B451-BE29-4B8E-A478-534C1BBAB04C}.Release|iPhoneSimulator.ActiveCfg = Release|iPhoneSimulator
		{0DB1B451-BE29-4B8E-A478-534C1BBAB04C}.Release|iPhoneSimulator.Build.0 = Release|iPhoneSimulator
		{0DB1B451-BE29-4B8E-A478-534C1BBAB04C}.Release|x64.ActiveCfg = Release|iPhone
		{0DB1B451-BE29-4B8E-A478-534C1BBAB04C}.Release|x86.ActiveCfg = Release|iPhone
		{13A713BF-9713-4D06-A9E4-EB9B6011A2B1}.Ad-Hoc|Any CPU.ActiveCfg = Release|x86
		{13A713BF-9713-4D06-A9E4-EB9B6011A2B1}.Ad-Hoc|Any CPU.Build.0 = Release|x86
		{13A713BF-9713-4D06-A9E4-EB9B6011A2B1}.Ad-Hoc|Any CPU.Deploy.0 = Release|x86
		{13A713BF-9713-4D06-A9E4-EB9B6011A2B1}.Ad-Hoc|ARM.ActiveCfg = Release|ARM
		{13A713BF-9713-4D06-A9E4-EB9B6011A2B1}.Ad-Hoc|ARM.Build.0 = Release|ARM
		{13A713BF-9713-4D06-A9E4-EB9B6011A2B1}.Ad-Hoc|ARM.Deploy.0 = Release|ARM
		{13A713BF-9713-4D06-A9E4-EB9B6011A2B1}.Ad-Hoc|iPhone.ActiveCfg = Release|x86
		{13A713BF-9713-4D06-A9E4-EB9B6011A2B1}.Ad-Hoc|iPhone.Build.0 = Release|x86
		{13A713BF-9713-4D06-A9E4-EB9B6011A2B1}.Ad-Hoc|iPhone.Deploy.0 = Release|x86
		{13A713BF-9713-4D06-A9E4-EB9B6011A2B1}.Ad-Hoc|iPhoneSimulator.ActiveCfg = Release|x86
		{13A713BF-9713-4D06-A9E4-EB9B6011A2B1}.Ad-Hoc|iPhoneSimulator.Build.0 = Release|x86
		{13A713BF-9713-4D06-A9E4-EB9B6011A2B1}.Ad-Hoc|iPhoneSimulator.Deploy.0 = Release|x86
		{13A713BF-9713-4D06-A9E4-EB9B6011A2B1}.Ad-Hoc|x64.ActiveCfg = Release|x64
		{13A713BF-9713-4D06-A9E4-EB9B6011A2B1}.Ad-Hoc|x64.Build.0 = Release|x64
		{13A713BF-9713-4D06-A9E4-EB9B6011A2B1}.Ad-Hoc|x64.Deploy.0 = Release|x64
		{13A713BF-9713-4D06-A9E4-EB9B6011A2B1}.Ad-Hoc|x86.ActiveCfg = Release|x86
		{13A713BF-9713-4D06-A9E4-EB9B6011A2B1}.Ad-Hoc|x86.Build.0 = Release|x86
		{13A713BF-9713-4D06-A9E4-EB9B6011A2B1}.Ad-Hoc|x86.Deploy.0 = Release|x86
		{13A713BF-9713-4D06-A9E4-EB9B6011A2B1}.AppStore|Any CPU.ActiveCfg = Release|x86
		{13A713BF-9713-4D06-A9E4-EB9B6011A2B1}.AppStore|Any CPU.Build.0 = Release|x86
		{13A713BF-9713-4D06-A9E4-EB9B6011A2B1}.AppStore|Any CPU.Deploy.0 = Release|x86
		{13A713BF-9713-4D06-A9E4-EB9B6011A2B1}.AppStore|ARM.ActiveCfg = Release|ARM
		{13A713BF-9713-4D06-A9E4-EB9B6011A2B1}.AppStore|ARM.Build.0 = Release|ARM
		{13A713BF-9713-4D06-A9E4-EB9B6011A2B1}.AppStore|ARM.Deploy.0 = Release|ARM
		{13A713BF-9713-4D06-A9E4-EB9B6011A2B1}.AppStore|iPhone.ActiveCfg = Release|x86
		{13A713BF-9713-4D06-A9E4-EB9B6011A2B1}.AppStore|iPhone.Build.0 = Release|x86
		{13A713BF-9713-4D06-A9E4-EB9B6011A2B1}.AppStore|iPhone.Deploy.0 = Release|x86
		{13A713BF-9713-4D06-A9E4-EB9B6011A2B1}.AppStore|iPhoneSimulator.ActiveCfg = Release|x86
		{13A713BF-9713-4D06-A9E4-EB9B6011A2B1}.AppStore|iPhoneSimulator.Build.0 = Release|x86
		{13A713BF-9713-4D06-A9E4-EB9B6011A2B1}.AppStore|iPhoneSimulator.Deploy.0 = Release|x86
		{13A713BF-9713-4D06-A9E4-EB9B6011A2B1}.AppStore|x64.ActiveCfg = Release|x64
		{13A713BF-9713-4D06-A9E4-EB9B6011A2B1}.AppStore|x64.Build.0 = Release|x64
		{13A713BF-9713-4D06-A9E4-EB9B6011A2B1}.AppStore|x64.Deploy.0 = Release|x64
		{13A713BF-9713-4D06-A9E4-EB9B6011A2B1}.AppStore|x86.ActiveCfg = Release|x86
		{13A713BF-9713-4D06-A9E4-EB9B6011A2B1}.AppStore|x86.Build.0 = Release|x86
		{13A713BF-9713-4D06-A9E4-EB9B6011A2B1}.AppStore|x86.Deploy.0 = Release|x86
		{13A713BF-9713-4D06-A9E4-EB9B6011A2B1}.Debug|Any CPU.ActiveCfg = Debug|x86
		{13A713BF-9713-4D06-A9E4-EB9B6011A2B1}.Debug|ARM.ActiveCfg = Debug|ARM
		{13A713BF-9713-4D06-A9E4-EB9B6011A2B1}.Debug|ARM.Build.0 = Debug|ARM
		{13A713BF-9713-4D06-A9E4-EB9B6011A2B1}.Debug|ARM.Deploy.0 = Debug|ARM
		{13A713BF-9713-4D06-A9E4-EB9B6011A2B1}.Debug|iPhone.ActiveCfg = Debug|x86
		{13A713BF-9713-4D06-A9E4-EB9B6011A2B1}.Debug|iPhoneSimulator.ActiveCfg = Debug|x86
		{13A713BF-9713-4D06-A9E4-EB9B6011A2B1}.Debug|x64.ActiveCfg = Debug|x64
		{13A713BF-9713-4D06-A9E4-EB9B6011A2B1}.Debug|x64.Build.0 = Debug|x64
		{13A713BF-9713-4D06-A9E4-EB9B6011A2B1}.Debug|x64.Deploy.0 = Debug|x64
		{13A713BF-9713-4D06-A9E4-EB9B6011A2B1}.Debug|x86.ActiveCfg = Debug|x86
		{13A713BF-9713-4D06-A9E4-EB9B6011A2B1}.Debug|x86.Build.0 = Debug|x86
		{13A713BF-9713-4D06-A9E4-EB9B6011A2B1}.Debug|x86.Deploy.0 = Debug|x86
		{13A713BF-9713-4D06-A9E4-EB9B6011A2B1}.Release|Any CPU.ActiveCfg = Release|x86
		{13A713BF-9713-4D06-A9E4-EB9B6011A2B1}.Release|ARM.ActiveCfg = Release|ARM
		{13A713BF-9713-4D06-A9E4-EB9B6011A2B1}.Release|ARM.Build.0 = Release|ARM
		{13A713BF-9713-4D06-A9E4-EB9B6011A2B1}.Release|ARM.Deploy.0 = Release|ARM
		{13A713BF-9713-4D06-A9E4-EB9B6011A2B1}.Release|iPhone.ActiveCfg = Release|x86
		{13A713BF-9713-4D06-A9E4-EB9B6011A2B1}.Release|iPhoneSimulator.ActiveCfg = Release|x86
		{13A713BF-9713-4D06-A9E4-EB9B6011A2B1}.Release|x64.ActiveCfg = Release|x64
		{13A713BF-9713-4D06-A9E4-EB9B6011A2B1}.Release|x64.Build.0 = Release|x64
		{13A713BF-9713-4D06-A9E4-EB9B6011A2B1}.Release|x64.Deploy.0 = Release|x64
		{13A713BF-9713-4D06-A9E4-EB9B6011A2B1}.Release|x86.ActiveCfg = Release|x86
		{13A713BF-9713-4D06-A9E4-EB9B6011A2B1}.Release|x86.Build.0 = Release|x86
		{13A713BF-9713-4D06-A9E4-EB9B6011A2B1}.Release|x86.Deploy.0 = Release|x86
	EndGlobalSection
	GlobalSection(SolutionProperties) = preSolution
		HideSolutionNode = FALSE
	EndGlobalSection
	GlobalSection(ExtensibilityGlobals) = postSolution
		SolutionGuid = {30EACA81-4A9A-4A86-9351-4F35CC01D249}
	EndGlobalSection
EndGlobal
