
Microsoft Visual Studio Solution File, Format Version 12.00
# Visual Studio 15
VisualStudioVersion = 15.0.27428.2015
MinimumVisualStudioVersion = 10.0.40219.1
Project("{FAE04EC0-301F-11D3-BF4B-00C04F79EFBC}") = "ZubMvvmc", "ZubMvvmc\ZubMvvmc.csproj", "{F4BE692A-AA27-4E26-81E2-9703E93BEBB8}"
EndProject
Project("{FAE04EC0-301F-11D3-BF4B-00C04F79EFBC}") = "ZubMvvmc.Examples.Xamarin.Android", "ZubMvvmc.Examples.Xamarin\ZubMvvmc.Examples.Xamarin.Android\ZubMvvmc.Examples.Xamarin.Android.csproj", "{10EBC58A-8C41-4A7A-8C47-7A51CC274FD4}"
EndProject
Project("{FAE04EC0-301F-11D3-BF4B-00C04F79EFBC}") = "ZubMvvmc.Examples.Xamarin.iOS", "ZubMvvmc.Examples.Xamarin\ZubMvvmc.Examples.Xamarin.iOS\ZubMvvmc.Examples.Xamarin.iOS.csproj", "{B0E4513F-C8F9-454F-9B42-A2C387B0ABE9}"
EndProject
Project("{FAE04EC0-301F-11D3-BF4B-00C04F79EFBC}") = "ZubMvvmc.Examples.Xamarin.UWP", "ZubMvvmc.Examples.Xamarin\ZubMvvmc.Examples.Xamarin.UWP\ZubMvvmc.Examples.Xamarin.UWP.csproj", "{542C7831-3E72-4C24-ADCC-A3FF5FAF0E76}"
EndProject
Project("{FAE04EC0-301F-11D3-BF4B-00C04F79EFBC}") = "ZubMvvmc.Examples.Xamarin", "ZubMvvmc.Examples.Xamarin\ZubMvvmc.Examples.Xamarin\ZubMvvmc.Examples.Xamarin.csproj", "{C7DB2459-A8D8-45D0-9083-354B17811B7B}"
EndProject
Global
	GlobalSection(SolutionConfigurationPlatforms) = preSolution
		Ad-Hoc|Any CPU = Ad-Hoc|Any CPU
		Ad-Hoc|ARM = Ad-Hoc|ARM
		Ad-Hoc|iPhone = Ad-Hoc|iPhone
		Ad-Hoc|iPhoneSimulator = Ad-Hoc|iPhoneSimulator
		Ad-Hoc|x64 = Ad-Hoc|x64
		Ad-Hoc|x86 = Ad-Hoc|x86
		AppStore|Any CPU = AppStore|Any CPU
		AppStore|ARM = AppStore|ARM
		AppStore|iPhone = AppStore|iPhone
		AppStore|iPhoneSimulator = AppStore|iPhoneSimulator
		AppStore|x64 = AppStore|x64
		AppStore|x86 = AppStore|x86
		Debug|Any CPU = Debug|Any CPU
		Debug|ARM = Debug|ARM
		Debug|iPhone = Debug|iPhone
		Debug|iPhoneSimulator = Debug|iPhoneSimulator
		Debug|x64 = Debug|x64
		Debug|x86 = Debug|x86
		Release|Any CPU = Release|Any CPU
		Release|ARM = Release|ARM
		Release|iPhone = Release|iPhone
		Release|iPhoneSimulator = Release|iPhoneSimulator
		Release|x64 = Release|x64
		Release|x86 = Release|x86
	EndGlobalSection
	GlobalSection(ProjectConfigurationPlatforms) = postSolution
		{F4BE692A-AA27-4E26-81E2-9703E93BEBB8}.Ad-Hoc|Any CPU.ActiveCfg = Debug|Any CPU
		{F4BE692A-AA27-4E26-81E2-9703E93BEBB8}.Ad-Hoc|Any CPU.Build.0 = Debug|Any CPU
		{F4BE692A-AA27-4E26-81E2-9703E93BEBB8}.Ad-Hoc|ARM.ActiveCfg = Debug|Any CPU
		{F4BE692A-AA27-4E26-81E2-9703E93BEBB8}.Ad-Hoc|ARM.Build.0 = Debug|Any CPU
		{F4BE692A-AA27-4E26-81E2-9703E93BEBB8}.Ad-Hoc|iPhone.ActiveCfg = Debug|Any CPU
		{F4BE692A-AA27-4E26-81E2-9703E93BEBB8}.Ad-Hoc|iPhone.Build.0 = Debug|Any CPU
		{F4BE692A-AA27-4E26-81E2-9703E93BEBB8}.Ad-Hoc|iPhoneSimulator.ActiveCfg = Debug|Any CPU
		{F4BE692A-AA27-4E26-81E2-9703E93BEBB8}.Ad-Hoc|iPhoneSimulator.Build.0 = Debug|Any CPU
		{F4BE692A-AA27-4E26-81E2-9703E93BEBB8}.Ad-Hoc|x64.ActiveCfg = Debug|Any CPU
		{F4BE692A-AA27-4E26-81E2-9703E93BEBB8}.Ad-Hoc|x64.Build.0 = Debug|Any CPU
		{F4BE692A-AA27-4E26-81E2-9703E93BEBB8}.Ad-Hoc|x86.ActiveCfg = Debug|Any CPU
		{F4BE692A-AA27-4E26-81E2-9703E93BEBB8}.Ad-Hoc|x86.Build.0 = Debug|Any CPU
		{F4BE692A-AA27-4E26-81E2-9703E93BEBB8}.AppStore|Any CPU.ActiveCfg = Debug|Any CPU
		{F4BE692A-AA27-4E26-81E2-9703E93BEBB8}.AppStore|Any CPU.Build.0 = Debug|Any CPU
		{F4BE692A-AA27-4E26-81E2-9703E93BEBB8}.AppStore|ARM.ActiveCfg = Debug|Any CPU
		{F4BE692A-AA27-4E26-81E2-9703E93BEBB8}.AppStore|ARM.Build.0 = Debug|Any CPU
		{F4BE692A-AA27-4E26-81E2-9703E93BEBB8}.AppStore|iPhone.ActiveCfg = Debug|Any CPU
		{F4BE692A-AA27-4E26-81E2-9703E93BEBB8}.AppStore|iPhone.Build.0 = Debug|Any CPU
		{F4BE692A-AA27-4E26-81E2-9703E93BEBB8}.AppStore|iPhoneSimulator.ActiveCfg = Debug|Any CPU
		{F4BE692A-AA27-4E26-81E2-9703E93BEBB8}.AppStore|iPhoneSimulator.Build.0 = Debug|Any CPU
		{F4BE692A-AA27-4E26-81E2-9703E93BEBB8}.AppStore|x64.ActiveCfg = Debug|Any CPU
		{F4BE692A-AA27-4E26-81E2-9703E93BEBB8}.AppStore|x64.Build.0 = Debug|Any CPU
		{F4BE692A-AA27-4E26-81E2-9703E93BEBB8}.AppStore|x86.ActiveCfg = Debug|Any CPU
		{F4BE692A-AA27-4E26-81E2-9703E93BEBB8}.AppStore|x86.Build.0 = Debug|Any CPU
		{F4BE692A-AA27-4E26-81E2-9703E93BEBB8}.Debug|Any CPU.ActiveCfg = Debug|Any CPU
		{F4BE692A-AA27-4E26-81E2-9703E93BEBB8}.Debug|Any CPU.Build.0 = Debug|Any CPU
		{F4BE692A-AA27-4E26-81E2-9703E93BEBB8}.Debug|ARM.ActiveCfg = Debug|Any CPU
		{F4BE692A-AA27-4E26-81E2-9703E93BEBB8}.Debug|ARM.Build.0 = Debug|Any CPU
		{F4BE692A-AA27-4E26-81E2-9703E93BEBB8}.Debug|iPhone.ActiveCfg = Debug|Any CPU
		{F4BE692A-AA27-4E26-81E2-9703E93BEBB8}.Debug|iPhone.Build.0 = Debug|Any CPU
		{F4BE692A-AA27-4E26-81E2-9703E93BEBB8}.Debug|iPhoneSimulator.ActiveCfg = Debug|Any CPU
		{F4BE692A-AA27-4E26-81E2-9703E93BEBB8}.Debug|iPhoneSimulator.Build.0 = Debug|Any CPU
		{F4BE692A-AA27-4E26-81E2-9703E93BEBB8}.Debug|x64.ActiveCfg = Debug|Any CPU
		{F4BE692A-AA27-4E26-81E2-9703E93BEBB8}.Debug|x64.Build.0 = Debug|Any CPU
		{F4BE692A-AA27-4E26-81E2-9703E93BEBB8}.Debug|x86.ActiveCfg = Debug|Any CPU
		{F4BE692A-AA27-4E26-81E2-9703E93BEBB8}.Debug|x86.Build.0 = Debug|Any CPU
		{F4BE692A-AA27-4E26-81E2-9703E93BEBB8}.Release|Any CPU.ActiveCfg = Release|Any CPU
		{F4BE692A-AA27-4E26-81E2-9703E93BEBB8}.Release|Any CPU.Build.0 = Release|Any CPU
		{F4BE692A-AA27-4E26-81E2-9703E93BEBB8}.Release|ARM.ActiveCfg = Release|Any CPU
		{F4BE692A-AA27-4E26-81E2-9703E93BEBB8}.Release|ARM.Build.0 = Release|Any CPU
		{F4BE692A-AA27-4E26-81E2-9703E93BEBB8}.Release|iPhone.ActiveCfg = Release|Any CPU
		{F4BE692A-AA27-4E26-81E2-9703E93BEBB8}.Release|iPhone.Build.0 = Release|Any CPU
		{F4BE692A-AA27-4E26-81E2-9703E93BEBB8}.Release|iPhoneSimulator.ActiveCfg = Release|Any CPU
		{F4BE692A-AA27-4E26-81E2-9703E93BEBB8}.Release|iPhoneSimulator.Build.0 = Release|Any CPU
		{F4BE692A-AA27-4E26-81E2-9703E93BEBB8}.Release|x64.ActiveCfg = Release|Any CPU
		{F4BE692A-AA27-4E26-81E2-9703E93BEBB8}.Release|x64.Build.0 = Release|Any CPU
		{F4BE692A-AA27-4E26-81E2-9703E93BEBB8}.Release|x86.ActiveCfg = Release|Any CPU
		{F4BE692A-AA27-4E26-81E2-9703E93BEBB8}.Release|x86.Build.0 = Release|Any CPU
		{10EBC58A-8C41-4A7A-8C47-7A51CC274FD4}.Ad-Hoc|Any CPU.ActiveCfg = Release|Any CPU
		{10EBC58A-8C41-4A7A-8C47-7A51CC274FD4}.Ad-Hoc|Any CPU.Build.0 = Release|Any CPU
		{10EBC58A-8C41-4A7A-8C47-7A51CC274FD4}.Ad-Hoc|Any CPU.Deploy.0 = Release|Any CPU
		{10EBC58A-8C41-4A7A-8C47-7A51CC274FD4}.Ad-Hoc|ARM.ActiveCfg = Release|Any CPU
		{10EBC58A-8C41-4A7A-8C47-7A51CC274FD4}.Ad-Hoc|ARM.Build.0 = Release|Any CPU
		{10EBC58A-8C41-4A7A-8C47-7A51CC274FD4}.Ad-Hoc|ARM.Deploy.0 = Release|Any CPU
		{10EBC58A-8C41-4A7A-8C47-7A51CC274FD4}.Ad-Hoc|iPhone.ActiveCfg = Release|Any CPU
		{10EBC58A-8C41-4A7A-8C47-7A51CC274FD4}.Ad-Hoc|iPhone.Build.0 = Release|Any CPU
		{10EBC58A-8C41-4A7A-8C47-7A51CC274FD4}.Ad-Hoc|iPhone.Deploy.0 = Release|Any CPU
		{10EBC58A-8C41-4A7A-8C47-7A51CC274FD4}.Ad-Hoc|iPhoneSimulator.ActiveCfg = Release|Any CPU
		{10EBC58A-8C41-4A7A-8C47-7A51CC274FD4}.Ad-Hoc|iPhoneSimulator.Build.0 = Release|Any CPU
		{10EBC58A-8C41-4A7A-8C47-7A51CC274FD4}.Ad-Hoc|iPhoneSimulator.Deploy.0 = Release|Any CPU
		{10EBC58A-8C41-4A7A-8C47-7A51CC274FD4}.Ad-Hoc|x64.ActiveCfg = Release|Any CPU
		{10EBC58A-8C41-4A7A-8C47-7A51CC274FD4}.Ad-Hoc|x64.Build.0 = Release|Any CPU
		{10EBC58A-8C41-4A7A-8C47-7A51CC274FD4}.Ad-Hoc|x64.Deploy.0 = Release|Any CPU
		{10EBC58A-8C41-4A7A-8C47-7A51CC274FD4}.Ad-Hoc|x86.ActiveCfg = Release|Any CPU
		{10EBC58A-8C41-4A7A-8C47-7A51CC274FD4}.Ad-Hoc|x86.Build.0 = Release|Any CPU
		{10EBC58A-8C41-4A7A-8C47-7A51CC274FD4}.Ad-Hoc|x86.Deploy.0 = Release|Any CPU
		{10EBC58A-8C41-4A7A-8C47-7A51CC274FD4}.AppStore|Any CPU.ActiveCfg = Release|Any CPU
		{10EBC58A-8C41-4A7A-8C47-7A51CC274FD4}.AppStore|Any CPU.Build.0 = Release|Any CPU
		{10EBC58A-8C41-4A7A-8C47-7A51CC274FD4}.AppStore|Any CPU.Deploy.0 = Release|Any CPU
		{10EBC58A-8C41-4A7A-8C47-7A51CC274FD4}.AppStore|ARM.ActiveCfg = Release|Any CPU
		{10EBC58A-8C41-4A7A-8C47-7A51CC274FD4}.AppStore|ARM.Build.0 = Release|Any CPU
		{10EBC58A-8C41-4A7A-8C47-7A51CC274FD4}.AppStore|ARM.Deploy.0 = Release|Any CPU
		{10EBC58A-8C41-4A7A-8C47-7A51CC274FD4}.AppStore|iPhone.ActiveCfg = Release|Any CPU
		{10EBC58A-8C41-4A7A-8C47-7A51CC274FD4}.AppStore|iPhone.Build.0 = Release|Any CPU
		{10EBC58A-8C41-4A7A-8C47-7A51CC274FD4}.AppStore|iPhone.Deploy.0 = Release|Any CPU
		{10EBC58A-8C41-4A7A-8C47-7A51CC274FD4}.AppStore|iPhoneSimulator.ActiveCfg = Release|Any CPU
		{10EBC58A-8C41-4A7A-8C47-7A51CC274FD4}.AppStore|iPhoneSimulator.Build.0 = Release|Any CPU
		{10EBC58A-8C41-4A7A-8C47-7A51CC274FD4}.AppStore|iPhoneSimulator.Deploy.0 = Release|Any CPU
		{10EBC58A-8C41-4A7A-8C47-7A51CC274FD4}.AppStore|x64.ActiveCfg = Release|Any CPU
		{10EBC58A-8C41-4A7A-8C47-7A51CC274FD4}.AppStore|x64.Build.0 = Release|Any CPU
		{10EBC58A-8C41-4A7A-8C47-7A51CC274FD4}.AppStore|x64.Deploy.0 = Release|Any CPU
		{10EBC58A-8C41-4A7A-8C47-7A51CC274FD4}.AppStore|x86.ActiveCfg = Release|Any CPU
		{10EBC58A-8C41-4A7A-8C47-7A51CC274FD4}.AppStore|x86.Build.0 = Release|Any CPU
		{10EBC58A-8C41-4A7A-8C47-7A51CC274FD4}.AppStore|x86.Deploy.0 = Release|Any CPU
		{10EBC58A-8C41-4A7A-8C47-7A51CC274FD4}.Debug|Any CPU.ActiveCfg = Debug|Any CPU
		{10EBC58A-8C41-4A7A-8C47-7A51CC274FD4}.Debug|Any CPU.Build.0 = Debug|Any CPU
		{10EBC58A-8C41-4A7A-8C47-7A51CC274FD4}.Debug|Any CPU.Deploy.0 = Debug|Any CPU
		{10EBC58A-8C41-4A7A-8C47-7A51CC274FD4}.Debug|ARM.ActiveCfg = Debug|Any CPU
		{10EBC58A-8C41-4A7A-8C47-7A51CC274FD4}.Debug|ARM.Build.0 = Debug|Any CPU
		{10EBC58A-8C41-4A7A-8C47-7A51CC274FD4}.Debug|ARM.Deploy.0 = Debug|Any CPU
		{10EBC58A-8C41-4A7A-8C47-7A51CC274FD4}.Debug|iPhone.ActiveCfg = Debug|Any CPU
		{10EBC58A-8C41-4A7A-8C47-7A51CC274FD4}.Debug|iPhone.Build.0 = Debug|Any CPU
		{10EBC58A-8C41-4A7A-8C47-7A51CC274FD4}.Debug|iPhone.Deploy.0 = Debug|Any CPU
		{10EBC58A-8C41-4A7A-8C47-7A51CC274FD4}.Debug|iPhoneSimulator.ActiveCfg = Debug|Any CPU
		{10EBC58A-8C41-4A7A-8C47-7A51CC274FD4}.Debug|iPhoneSimulator.Build.0 = Debug|Any CPU
		{10EBC58A-8C41-4A7A-8C47-7A51CC274FD4}.Debug|iPhoneSimulator.Deploy.0 = Debug|Any CPU
		{10EBC58A-8C41-4A7A-8C47-7A51CC274FD4}.Debug|x64.ActiveCfg = Debug|Any CPU
		{10EBC58A-8C41-4A7A-8C47-7A51CC274FD4}.Debug|x64.Build.0 = Debug|Any CPU
		{10EBC58A-8C41-4A7A-8C47-7A51CC274FD4}.Debug|x64.Deploy.0 = Debug|Any CPU
		{10EBC58A-8C41-4A7A-8C47-7A51CC274FD4}.Debug|x86.ActiveCfg = Debug|Any CPU
		{10EBC58A-8C41-4A7A-8C47-7A51CC274FD4}.Debug|x86.Build.0 = Debug|Any CPU
		{10EBC58A-8C41-4A7A-8C47-7A51CC274FD4}.Debug|x86.Deploy.0 = Debug|Any CPU
		{10EBC58A-8C41-4A7A-8C47-7A51CC274FD4}.Release|Any CPU.ActiveCfg = Release|Any CPU
		{10EBC58A-8C41-4A7A-8C47-7A51CC274FD4}.Release|Any CPU.Build.0 = Release|Any CPU
		{10EBC58A-8C41-4A7A-8C47-7A51CC274FD4}.Release|Any CPU.Deploy.0 = Release|Any CPU
		{10EBC58A-8C41-4A7A-8C47-7A51CC274FD4}.Release|ARM.ActiveCfg = Release|Any CPU
		{10EBC58A-8C41-4A7A-8C47-7A51CC274FD4}.Release|ARM.Build.0 = Release|Any CPU
		{10EBC58A-8C41-4A7A-8C47-7A51CC274FD4}.Release|ARM.Deploy.0 = Release|Any CPU
		{10EBC58A-8C41-4A7A-8C47-7A51CC274FD4}.Release|iPhone.ActiveCfg = Release|Any CPU
		{10EBC58A-8C41-4A7A-8C47-7A51CC274FD4}.Release|iPhone.Build.0 = Release|Any CPU
		{10EBC58A-8C41-4A7A-8C47-7A51CC274FD4}.Release|iPhone.Deploy.0 = Release|Any CPU
		{10EBC58A-8C41-4A7A-8C47-7A51CC274FD4}.Release|iPhoneSimulator.ActiveCfg = Release|Any CPU
		{10EBC58A-8C41-4A7A-8C47-7A51CC274FD4}.Release|iPhoneSimulator.Build.0 = Release|Any CPU
		{10EBC58A-8C41-4A7A-8C47-7A51CC274FD4}.Release|iPhoneSimulator.Deploy.0 = Release|Any CPU
		{10EBC58A-8C41-4A7A-8C47-7A51CC274FD4}.Release|x64.ActiveCfg = Release|Any CPU
		{10EBC58A-8C41-4A7A-8C47-7A51CC274FD4}.Release|x64.Build.0 = Release|Any CPU
		{10EBC58A-8C41-4A7A-8C47-7A51CC274FD4}.Release|x64.Deploy.0 = Release|Any CPU
		{10EBC58A-8C41-4A7A-8C47-7A51CC274FD4}.Release|x86.ActiveCfg = Release|Any CPU
		{10EBC58A-8C41-4A7A-8C47-7A51CC274FD4}.Release|x86.Build.0 = Release|Any CPU
		{10EBC58A-8C41-4A7A-8C47-7A51CC274FD4}.Release|x86.Deploy.0 = Release|Any CPU
		{B0E4513F-C8F9-454F-9B42-A2C387B0ABE9}.Ad-Hoc|Any CPU.ActiveCfg = Ad-Hoc|iPhone
		{B0E4513F-C8F9-454F-9B42-A2C387B0ABE9}.Ad-Hoc|ARM.ActiveCfg = Ad-Hoc|iPhone
		{B0E4513F-C8F9-454F-9B42-A2C387B0ABE9}.Ad-Hoc|iPhone.ActiveCfg = Ad-Hoc|iPhone
		{B0E4513F-C8F9-454F-9B42-A2C387B0ABE9}.Ad-Hoc|iPhone.Build.0 = Ad-Hoc|iPhone
		{B0E4513F-C8F9-454F-9B42-A2C387B0ABE9}.Ad-Hoc|iPhoneSimulator.ActiveCfg = Ad-Hoc|iPhoneSimulator
		{B0E4513F-C8F9-454F-9B42-A2C387B0ABE9}.Ad-Hoc|iPhoneSimulator.Build.0 = Ad-Hoc|iPhoneSimulator
		{B0E4513F-C8F9-454F-9B42-A2C387B0ABE9}.Ad-Hoc|x64.ActiveCfg = Ad-Hoc|iPhone
		{B0E4513F-C8F9-454F-9B42-A2C387B0ABE9}.Ad-Hoc|x86.ActiveCfg = Ad-Hoc|iPhone
		{B0E4513F-C8F9-454F-9B42-A2C387B0ABE9}.AppStore|Any CPU.ActiveCfg = AppStore|iPhone
		{B0E4513F-C8F9-454F-9B42-A2C387B0ABE9}.AppStore|ARM.ActiveCfg = AppStore|iPhone
		{B0E4513F-C8F9-454F-9B42-A2C387B0ABE9}.AppStore|iPhone.ActiveCfg = AppStore|iPhone
		{B0E4513F-C8F9-454F-9B42-A2C387B0ABE9}.AppStore|iPhone.Build.0 = AppStore|iPhone
		{B0E4513F-C8F9-454F-9B42-A2C387B0ABE9}.AppStore|iPhoneSimulator.ActiveCfg = AppStore|iPhoneSimulator
		{B0E4513F-C8F9-454F-9B42-A2C387B0ABE9}.AppStore|iPhoneSimulator.Build.0 = AppStore|iPhoneSimulator
		{B0E4513F-C8F9-454F-9B42-A2C387B0ABE9}.AppStore|x64.ActiveCfg = AppStore|iPhone
		{B0E4513F-C8F9-454F-9B42-A2C387B0ABE9}.AppStore|x86.ActiveCfg = AppStore|iPhone
		{B0E4513F-C8F9-454F-9B42-A2C387B0ABE9}.Debug|Any CPU.ActiveCfg = Debug|iPhone
		{B0E4513F-C8F9-454F-9B42-A2C387B0ABE9}.Debug|ARM.ActiveCfg = Debug|iPhone
		{B0E4513F-C8F9-454F-9B42-A2C387B0ABE9}.Debug|iPhone.ActiveCfg = Debug|iPhone
		{B0E4513F-C8F9-454F-9B42-A2C387B0ABE9}.Debug|iPhone.Build.0 = Debug|iPhone
		{B0E4513F-C8F9-454F-9B42-A2C387B0ABE9}.Debug|iPhoneSimulator.ActiveCfg = Debug|iPhoneSimulator
		{B0E4513F-C8F9-454F-9B42-A2C387B0ABE9}.Debug|iPhoneSimulator.Build.0 = Debug|iPhoneSimulator
		{B0E4513F-C8F9-454F-9B42-A2C387B0ABE9}.Debug|x64.ActiveCfg = Debug|iPhone
		{B0E4513F-C8F9-454F-9B42-A2C387B0ABE9}.Debug|x86.ActiveCfg = Debug|iPhone
		{B0E4513F-C8F9-454F-9B42-A2C387B0ABE9}.Release|Any CPU.ActiveCfg = Release|iPhone
		{B0E4513F-C8F9-454F-9B42-A2C387B0ABE9}.Release|ARM.ActiveCfg = Release|iPhone
		{B0E4513F-C8F9-454F-9B42-A2C387B0ABE9}.Release|iPhone.ActiveCfg = Release|iPhone
		{B0E4513F-C8F9-454F-9B42-A2C387B0ABE9}.Release|iPhone.Build.0 = Release|iPhone
		{B0E4513F-C8F9-454F-9B42-A2C387B0ABE9}.Release|iPhoneSimulator.ActiveCfg = Release|iPhoneSimulator
		{B0E4513F-C8F9-454F-9B42-A2C387B0ABE9}.Release|iPhoneSimulator.Build.0 = Release|iPhoneSimulator
		{B0E4513F-C8F9-454F-9B42-A2C387B0ABE9}.Release|x64.ActiveCfg = Release|iPhone
		{B0E4513F-C8F9-454F-9B42-A2C387B0ABE9}.Release|x86.ActiveCfg = Release|iPhone
		{542C7831-3E72-4C24-ADCC-A3FF5FAF0E76}.Ad-Hoc|Any CPU.ActiveCfg = Release|x86
		{542C7831-3E72-4C24-ADCC-A3FF5FAF0E76}.Ad-Hoc|Any CPU.Build.0 = Release|x86
		{542C7831-3E72-4C24-ADCC-A3FF5FAF0E76}.Ad-Hoc|Any CPU.Deploy.0 = Release|x86
		{542C7831-3E72-4C24-ADCC-A3FF5FAF0E76}.Ad-Hoc|ARM.ActiveCfg = Release|ARM
		{542C7831-3E72-4C24-ADCC-A3FF5FAF0E76}.Ad-Hoc|ARM.Build.0 = Release|ARM
		{542C7831-3E72-4C24-ADCC-A3FF5FAF0E76}.Ad-Hoc|ARM.Deploy.0 = Release|ARM
		{542C7831-3E72-4C24-ADCC-A3FF5FAF0E76}.Ad-Hoc|iPhone.ActiveCfg = Release|x86
		{542C7831-3E72-4C24-ADCC-A3FF5FAF0E76}.Ad-Hoc|iPhone.Build.0 = Release|x86
		{542C7831-3E72-4C24-ADCC-A3FF5FAF0E76}.Ad-Hoc|iPhone.Deploy.0 = Release|x86
		{542C7831-3E72-4C24-ADCC-A3FF5FAF0E76}.Ad-Hoc|iPhoneSimulator.ActiveCfg = Release|x86
		{542C7831-3E72-4C24-ADCC-A3FF5FAF0E76}.Ad-Hoc|iPhoneSimulator.Build.0 = Release|x86
		{542C7831-3E72-4C24-ADCC-A3FF5FAF0E76}.Ad-Hoc|iPhoneSimulator.Deploy.0 = Release|x86
		{542C7831-3E72-4C24-ADCC-A3FF5FAF0E76}.Ad-Hoc|x64.ActiveCfg = Release|x64
		{542C7831-3E72-4C24-ADCC-A3FF5FAF0E76}.Ad-Hoc|x64.Build.0 = Release|x64
		{542C7831-3E72-4C24-ADCC-A3FF5FAF0E76}.Ad-Hoc|x64.Deploy.0 = Release|x64
		{542C7831-3E72-4C24-ADCC-A3FF5FAF0E76}.Ad-Hoc|x86.ActiveCfg = Release|x86
		{542C7831-3E72-4C24-ADCC-A3FF5FAF0E76}.Ad-Hoc|x86.Build.0 = Release|x86
		{542C7831-3E72-4C24-ADCC-A3FF5FAF0E76}.Ad-Hoc|x86.Deploy.0 = Release|x86
		{542C7831-3E72-4C24-ADCC-A3FF5FAF0E76}.AppStore|Any CPU.ActiveCfg = Release|x86
		{542C7831-3E72-4C24-ADCC-A3FF5FAF0E76}.AppStore|Any CPU.Build.0 = Release|x86
		{542C7831-3E72-4C24-ADCC-A3FF5FAF0E76}.AppStore|Any CPU.Deploy.0 = Release|x86
		{542C7831-3E72-4C24-ADCC-A3FF5FAF0E76}.AppStore|ARM.ActiveCfg = Release|ARM
		{542C7831-3E72-4C24-ADCC-A3FF5FAF0E76}.AppStore|ARM.Build.0 = Release|ARM
		{542C7831-3E72-4C24-ADCC-A3FF5FAF0E76}.AppStore|ARM.Deploy.0 = Release|ARM
		{542C7831-3E72-4C24-ADCC-A3FF5FAF0E76}.AppStore|iPhone.ActiveCfg = Release|x86
		{542C7831-3E72-4C24-ADCC-A3FF5FAF0E76}.AppStore|iPhone.Build.0 = Release|x86
		{542C7831-3E72-4C24-ADCC-A3FF5FAF0E76}.AppStore|iPhone.Deploy.0 = Release|x86
		{542C7831-3E72-4C24-ADCC-A3FF5FAF0E76}.AppStore|iPhoneSimulator.ActiveCfg = Release|x86
		{542C7831-3E72-4C24-ADCC-A3FF5FAF0E76}.AppStore|iPhoneSimulator.Build.0 = Release|x86
		{542C7831-3E72-4C24-ADCC-A3FF5FAF0E76}.AppStore|iPhoneSimulator.Deploy.0 = Release|x86
		{542C7831-3E72-4C24-ADCC-A3FF5FAF0E76}.AppStore|x64.ActiveCfg = Release|x64
		{542C7831-3E72-4C24-ADCC-A3FF5FAF0E76}.AppStore|x64.Build.0 = Release|x64
		{542C7831-3E72-4C24-ADCC-A3FF5FAF0E76}.AppStore|x64.Deploy.0 = Release|x64
		{542C7831-3E72-4C24-ADCC-A3FF5FAF0E76}.AppStore|x86.ActiveCfg = Release|x86
		{542C7831-3E72-4C24-ADCC-A3FF5FAF0E76}.AppStore|x86.Build.0 = Release|x86
		{542C7831-3E72-4C24-ADCC-A3FF5FAF0E76}.AppStore|x86.Deploy.0 = Release|x86
		{542C7831-3E72-4C24-ADCC-A3FF5FAF0E76}.Debug|Any CPU.ActiveCfg = Debug|x86
		{542C7831-3E72-4C24-ADCC-A3FF5FAF0E76}.Debug|ARM.ActiveCfg = Debug|ARM
		{542C7831-3E72-4C24-ADCC-A3FF5FAF0E76}.Debug|ARM.Build.0 = Debug|ARM
		{542C7831-3E72-4C24-ADCC-A3FF5FAF0E76}.Debug|ARM.Deploy.0 = Debug|ARM
		{542C7831-3E72-4C24-ADCC-A3FF5FAF0E76}.Debug|iPhone.ActiveCfg = Debug|x86
		{542C7831-3E72-4C24-ADCC-A3FF5FAF0E76}.Debug|iPhoneSimulator.ActiveCfg = Debug|x86
		{542C7831-3E72-4C24-ADCC-A3FF5FAF0E76}.Debug|x64.ActiveCfg = Debug|x64
		{542C7831-3E72-4C24-ADCC-A3FF5FAF0E76}.Debug|x64.Build.0 = Debug|x64
		{542C7831-3E72-4C24-ADCC-A3FF5FAF0E76}.Debug|x64.Deploy.0 = Debug|x64
		{542C7831-3E72-4C24-ADCC-A3FF5FAF0E76}.Debug|x86.ActiveCfg = Debug|x86
		{542C7831-3E72-4C24-ADCC-A3FF5FAF0E76}.Debug|x86.Build.0 = Debug|x86
		{542C7831-3E72-4C24-ADCC-A3FF5FAF0E76}.Debug|x86.Deploy.0 = Debug|x86
		{542C7831-3E72-4C24-ADCC-A3FF5FAF0E76}.Release|Any CPU.ActiveCfg = Release|x86
		{542C7831-3E72-4C24-ADCC-A3FF5FAF0E76}.Release|ARM.ActiveCfg = Release|ARM
		{542C7831-3E72-4C24-ADCC-A3FF5FAF0E76}.Release|ARM.Build.0 = Release|ARM
		{542C7831-3E72-4C24-ADCC-A3FF5FAF0E76}.Release|ARM.Deploy.0 = Release|ARM
		{542C7831-3E72-4C24-ADCC-A3FF5FAF0E76}.Release|iPhone.ActiveCfg = Release|x86
		{542C7831-3E72-4C24-ADCC-A3FF5FAF0E76}.Release|iPhoneSimulator.ActiveCfg = Release|x86
		{542C7831-3E72-4C24-ADCC-A3FF5FAF0E76}.Release|x64.ActiveCfg = Release|x64
		{542C7831-3E72-4C24-ADCC-A3FF5FAF0E76}.Release|x64.Build.0 = Release|x64
		{542C7831-3E72-4C24-ADCC-A3FF5FAF0E76}.Release|x64.Deploy.0 = Release|x64
		{542C7831-3E72-4C24-ADCC-A3FF5FAF0E76}.Release|x86.ActiveCfg = Release|x86
		{542C7831-3E72-4C24-ADCC-A3FF5FAF0E76}.Release|x86.Build.0 = Release|x86
		{542C7831-3E72-4C24-ADCC-A3FF5FAF0E76}.Release|x86.Deploy.0 = Release|x86
		{C7DB2459-A8D8-45D0-9083-354B17811B7B}.Ad-Hoc|Any CPU.ActiveCfg = Debug|Any CPU
		{C7DB2459-A8D8-45D0-9083-354B17811B7B}.Ad-Hoc|Any CPU.Build.0 = Debug|Any CPU
		{C7DB2459-A8D8-45D0-9083-354B17811B7B}.Ad-Hoc|ARM.ActiveCfg = Debug|Any CPU
		{C7DB2459-A8D8-45D0-9083-354B17811B7B}.Ad-Hoc|ARM.Build.0 = Debug|Any CPU
		{C7DB2459-A8D8-45D0-9083-354B17811B7B}.Ad-Hoc|iPhone.ActiveCfg = Debug|Any CPU
		{C7DB2459-A8D8-45D0-9083-354B17811B7B}.Ad-Hoc|iPhone.Build.0 = Debug|Any CPU
		{C7DB2459-A8D8-45D0-9083-354B17811B7B}.Ad-Hoc|iPhoneSimulator.ActiveCfg = Debug|Any CPU
		{C7DB2459-A8D8-45D0-9083-354B17811B7B}.Ad-Hoc|iPhoneSimulator.Build.0 = Debug|Any CPU
		{C7DB2459-A8D8-45D0-9083-354B17811B7B}.Ad-Hoc|x64.ActiveCfg = Debug|Any CPU
		{C7DB2459-A8D8-45D0-9083-354B17811B7B}.Ad-Hoc|x64.Build.0 = Debug|Any CPU
		{C7DB2459-A8D8-45D0-9083-354B17811B7B}.Ad-Hoc|x86.ActiveCfg = Debug|Any CPU
		{C7DB2459-A8D8-45D0-9083-354B17811B7B}.Ad-Hoc|x86.Build.0 = Debug|Any CPU
		{C7DB2459-A8D8-45D0-9083-354B17811B7B}.AppStore|Any CPU.ActiveCfg = Debug|Any CPU
		{C7DB2459-A8D8-45D0-9083-354B17811B7B}.AppStore|Any CPU.Build.0 = Debug|Any CPU
		{C7DB2459-A8D8-45D0-9083-354B17811B7B}.AppStore|ARM.ActiveCfg = Debug|Any CPU
		{C7DB2459-A8D8-45D0-9083-354B17811B7B}.AppStore|ARM.Build.0 = Debug|Any CPU
		{C7DB2459-A8D8-45D0-9083-354B17811B7B}.AppStore|iPhone.ActiveCfg = Debug|Any CPU
		{C7DB2459-A8D8-45D0-9083-354B17811B7B}.AppStore|iPhone.Build.0 = Debug|Any CPU
		{C7DB2459-A8D8-45D0-9083-354B17811B7B}.AppStore|iPhoneSimulator.ActiveCfg = Debug|Any CPU
		{C7DB2459-A8D8-45D0-9083-354B17811B7B}.AppStore|iPhoneSimulator.Build.0 = Debug|Any CPU
		{C7DB2459-A8D8-45D0-9083-354B17811B7B}.AppStore|x64.ActiveCfg = Debug|Any CPU
		{C7DB2459-A8D8-45D0-9083-354B17811B7B}.AppStore|x64.Build.0 = Debug|Any CPU
		{C7DB2459-A8D8-45D0-9083-354B17811B7B}.AppStore|x86.ActiveCfg = Debug|Any CPU
		{C7DB2459-A8D8-45D0-9083-354B17811B7B}.AppStore|x86.Build.0 = Debug|Any CPU
		{C7DB2459-A8D8-45D0-9083-354B17811B7B}.Debug|Any CPU.ActiveCfg = Debug|Any CPU
		{C7DB2459-A8D8-45D0-9083-354B17811B7B}.Debug|Any CPU.Build.0 = Debug|Any CPU
		{C7DB2459-A8D8-45D0-9083-354B17811B7B}.Debug|ARM.ActiveCfg = Debug|Any CPU
		{C7DB2459-A8D8-45D0-9083-354B17811B7B}.Debug|ARM.Build.0 = Debug|Any CPU
		{C7DB2459-A8D8-45D0-9083-354B17811B7B}.Debug|iPhone.ActiveCfg = Debug|Any CPU
		{C7DB2459-A8D8-45D0-9083-354B17811B7B}.Debug|iPhone.Build.0 = Debug|Any CPU
		{C7DB2459-A8D8-45D0-9083-354B17811B7B}.Debug|iPhoneSimulator.ActiveCfg = Debug|Any CPU
		{C7DB2459-A8D8-45D0-9083-354B17811B7B}.Debug|iPhoneSimulator.Build.0 = Debug|Any CPU
		{C7DB2459-A8D8-45D0-9083-354B17811B7B}.Debug|x64.ActiveCfg = Debug|Any CPU
		{C7DB2459-A8D8-45D0-9083-354B17811B7B}.Debug|x64.Build.0 = Debug|Any CPU
		{C7DB2459-A8D8-45D0-9083-354B17811B7B}.Debug|x86.ActiveCfg = Debug|Any CPU
		{C7DB2459-A8D8-45D0-9083-354B17811B7B}.Debug|x86.Build.0 = Debug|Any CPU
		{C7DB2459-A8D8-45D0-9083-354B17811B7B}.Release|Any CPU.ActiveCfg = Release|Any CPU
		{C7DB2459-A8D8-45D0-9083-354B17811B7B}.Release|Any CPU.Build.0 = Release|Any CPU
		{C7DB2459-A8D8-45D0-9083-354B17811B7B}.Release|ARM.ActiveCfg = Release|Any CPU
		{C7DB2459-A8D8-45D0-9083-354B17811B7B}.Release|ARM.Build.0 = Release|Any CPU
		{C7DB2459-A8D8-45D0-9083-354B17811B7B}.Release|iPhone.ActiveCfg = Release|Any CPU
		{C7DB2459-A8D8-45D0-9083-354B17811B7B}.Release|iPhone.Build.0 = Release|Any CPU
		{C7DB2459-A8D8-45D0-9083-354B17811B7B}.Release|iPhoneSimulator.ActiveCfg = Release|Any CPU
		{C7DB2459-A8D8-45D0-9083-354B17811B7B}.Release|iPhoneSimulator.Build.0 = Release|Any CPU
		{C7DB2459-A8D8-45D0-9083-354B17811B7B}.Release|x64.ActiveCfg = Release|Any CPU
		{C7DB2459-A8D8-45D0-9083-354B17811B7B}.Release|x64.Build.0 = Release|Any CPU
		{C7DB2459-A8D8-45D0-9083-354B17811B7B}.Release|x86.ActiveCfg = Release|Any CPU
		{C7DB2459-A8D8-45D0-9083-354B17811B7B}.Release|x86.Build.0 = Release|Any CPU
	EndGlobalSection
	GlobalSection(SolutionProperties) = preSolution
		HideSolutionNode = FALSE
	EndGlobalSection
	GlobalSection(ExtensibilityGlobals) = postSolution
		SolutionGuid = {2A6340F7-C122-4EF3-9987-24B17784DC3B}
	EndGlobalSection
EndGlobal
